<?xml version="1.0" encoding="UTF-8"?>
<Scheme
   LastUpgradeVersion = "0610"
   version = "1.3">
   <BuildAction
      parallelizeBuildables = "YES"
      buildImplicitDependencies = "YES">
      <BuildActionEntries>
         <BuildActionEntry
            buildForTesting = "YES"
            buildForRunning = "YES"
            buildForProfiling = "YES"
            buildForArchiving = "YES"
            buildForAnalyzing = "YES">
            <BuildableReference
               BuildableIdentifier = "primary"
               BlueprintIdentifier = "04A3E0F01AFA18F100C9D679"
               BuildableName = "&#x7f51;&#x7edc;&#x77e5;&#x8bc6;&#x70b9;&#x56de;&#x987e;.app"
               BlueprintName = "&#x7f51;&#x7edc;&#x77e5;&#x8bc6;&#x70b9;&#x56de;&#x987e;"
               ReferencedContainer = "container:&#x7f51;&#x7edc;&#x77e5;&#x8bc6;&#x70b9;&#x56de;&#x987e;.xcodeproj">
            </BuildableReference>
         </BuildActionEntry>
         <BuildActionEntry
            buildForTesting = "YES"
            buildForRunning = "YES"
            buildForProfiling = "NO"
            buildForArchiving = "NO"
            buildForAnalyzing = "YES">
            <BuildableReference
               BuildableIdentifier = "primary"
               BlueprintIdentifier = "04A3E1091AFA18F100C9D679"
               BuildableName = "&#x7f51;&#x7edc;&#x77e5;&#x8bc6;&#x70b9;&#x56de;&#x987e;Tests.xctest"
               BlueprintName = "&#x7f51;&#x7edc;&#x77e5;&#x8bc6;&#x70b9;&#x56de;&#x987e;Tests"
               ReferencedContainer = "container:&#x7f51;&#x7edc;&#x77e5;&#x8bc6;&#x70b9;&#x56de;&#x987e;.xcodeproj">
            </BuildableReference>
         </BuildActionEntry>
      </BuildActionEntries>
   </BuildAction>
   <TestAction
      selectedDebuggerIdentifier = "Xcode.DebuggerFoundation.Debugger.LLDB"
      selectedLauncherIdentifier = "Xcode.DebuggerFoundation.Launcher.LLDB"
      shouldUseLaunchSchemeArgsEnv = "YES"
      buildConfiguration = "Debug">
      <Testables>
         <TestableReference
            skipped = "NO">
            <BuildableReference
               BuildableIdentifier = "primary"
               BlueprintIdentifier = "04A3E1091AFA18F100C9D679"
               BuildableName = "&#x7f51;&#x7edc;&#x77e5;&#x8bc6;&#x70b9;&#x56de;&#x987e;Tests.xctest"
               BlueprintName = "&#x7f51;&#x7edc;&#x77e5;&#x8bc6;&#x70b9;&#x56de;&#x987e;Tests"
               ReferencedContainer = "container:&#x7f51;&#x7edc;&#x77e5;&#x8bc6;&#x70b9;&#x56de;&#x987e;.xcodeproj">
            </BuildableReference>
         </TestableReference>
      </Testables>
      <MacroExpansion>
         <BuildableReference
            BuildableIdentifier = "primary"
            BlueprintIdentifier = "04A3E0F01AFA18F100C9D679"
            BuildableName = "&#x7f51;&#x7edc;&#x77e5;&#x8bc6;&#x70b9;&#x56de;&#x987e;.app"
            BlueprintName = "&#x7f51;&#x7edc;&#x77e5;&#x8bc6;&#x70b9;&#x56de;&#x987e;"
            ReferencedContainer = "container:&#x7f51;&#x7edc;&#x77e5;&#x8bc6;&#x70b9;&#x56de;&#x987e;.xcodeproj">
         </BuildableReference>
      </MacroExpansion>
   </TestAction>
   <LaunchAction
      selectedDebuggerIdentifier = "Xcode.DebuggerFoundation.Debugger.LLDB"
      selectedLauncherIdentifier = "Xcode.DebuggerFoundation.Launcher.LLDB"
      launchStyle = "0"
      useCustomWorkingDirectory = "NO"
      buildConfiguration = "Debug"
      ignoresPersistentStateOnLaunch = "NO"
      debugDocumentVersioning = "YES"
      allowLocationSimulation = "YES">
      <BuildableProductRunnable>
         <BuildableReference
            BuildableIdentifier = "primary"
            BlueprintIdentifier = "04A3E0F01AFA18F100C9D679"
            BuildableName = "&#x7f51;&#x7edc;&#x77e5;&#x8bc6;&#x70b9;&#x56de;&#x987e;.app"
            BlueprintName = "&#x7f51;&#x7edc;&#x77e5;&#x8bc6;&#x70b9;&#x56de;&#x987e;"
            ReferencedContainer = "container:&#x7f51;&#x7edc;&#x77e5;&#x8bc6;&#x70b9;&#x56de;&#x987e;.xcodeproj">
         </BuildableReference>
      </BuildableProductRunnable>
      <AdditionalOptions>
      </AdditionalOptions>
   </LaunchAction>
   <ProfileAction
      shouldUseLaunchSchemeArgsEnv = "YES"
      savedToolIdentifier = ""
      useCustomWorkingDirectory = "NO"
      buildConfiguration = "Release"
      debugDocumentVersioning = "YES">
      <BuildableProductRunnable>
         <BuildableReference
            BuildableIdentifier = "primary"
            BlueprintIdentifier = "04A3E0F01AFA18F100C9D679"
            BuildableName = "&#x7f51;&#x7edc;&#x77e5;&#x8bc6;&#x70b9;&#x56de;&#x987e;.app"
            BlueprintName = "&#x7f51;&#x7edc;&#x77e5;&#x8bc6;&#x70b9;&#x56de;&#x987e;"
            ReferencedContainer = "container:&#x7f51;&#x7edc;&#x77e5;&#x8bc6;&#x70b9;&#x56de;&#x987e;.xcodeproj">
         </BuildableReference>
      </BuildableProductRunnable>
   </ProfileAction>
   <AnalyzeAction
      buildConfiguration = "Debug">
   </AnalyzeAction>
   <ArchiveAction
      buildConfiguration = "Release"
      revealArchiveInOrganizer = "YES">
   </ArchiveAction>
</Scheme>
