// !$*UTF8*$!
{
	archiveVersion = 1;
	classes = {
	};
	objectVersion = 46;
	objects = {

/* Begin PBXBuildFile section */
		7682DABA1AFD8E4700B32B2A /* AppDelegate.swift in Sources */ = {isa = PBXBuildFile; fileRef = 7682DAB91AFD8E4700B32B2A /* AppDelegate.swift */; };
		7682DABC1AFD8E4700B32B2A /* ViewController.swift in Sources */ = {isa = PBXBuildFile; fileRef = 7682DABB1AFD8E4700B32B2A /* ViewController.swift */; };
		7682DABF1AFD8E4700B32B2A /* Main.storyboard in Resources */ = {isa = PBXBuildFile; fileRef = 7682DABD1AFD8E4700B32B2A /* Main.storyboard */; };
		7682DAC11AFD8E4700B32B2A /* Images.xcassets in Resources */ = {isa = PBXBuildFile; fileRef = 7682DAC01AFD8E4700B32B2A /* Images.xcassets */; };
		7682DAC41AFD8E4700B32B2A /* LaunchScreen.xib in Resources */ = {isa = PBXBuildFile; fileRef = 7682DAC21AFD8E4700B32B2A /* LaunchScreen.xib */; };
		7682DAD01AFD8E4700B32B2A /* SimpleWebSearchTests.swift in Sources */ = {isa = PBXBuildFile; fileRef = 7682DACF1AFD8E4700B32B2A /* SimpleWebSearchTests.swift */; };
/* End PBXBuildFile section */

/* Begin PBXContainerItemProxy section */
		7682DACA1AFD8E4700B32B2A /* PBXContainerItemProxy */ = {
			isa = PBXContainerItemProxy;
			containerPortal = 7682DAAC1AFD8E4700B32B2A /* Project object */;
			proxyType = 1;
			remoteGlobalIDString = 7682DAB31AFD8E4700B32B2A;
			remoteInfo = SimpleWebSearch;
		};
/* End PBXContainerItemProxy section */

/* Begin PBXFileReference section */
		7682DAB41AFD8E4700B32B2A /* SimpleWebSearch.app */ = {isa = PBXFileReference; explicitFileType = wrapper.application; includeInIndex = 0; path = SimpleWebSearch.app; sourceTree = BUILT_PRODUCTS_DIR; };
		7682DAB81AFD8E4700B32B2A /* Info.plist */ = {isa = PBXFileReference; lastKnownFileType = text.plist.xml; path = Info.plist; sourceTree = "<group>"; };
		7682DAB91AFD8E4700B32B2A /* AppDelegate.swift */ = {isa = PBXFileReference; lastKnownFileType = sourcecode.swift; path = AppDelegate.swift; sourceTree = "<group>"; };
		7682DABB1AFD8E4700B32B2A /* ViewController.swift */ = {isa = PBXFileReference; lastKnownFileType = sourcecode.swift; path = ViewController.swift; sourceTree = "<group>"; };
		7682DABE1AFD8E4700B32B2A /* Base */ = {isa = PBXFileReference; lastKnownFileType = file.storyboard; name = Base; path = Base.lproj/Main.storyboard; sourceTree = "<group>"; };
		7682DAC01AFD8E4700B32B2A /* Images.xcassets */ = {isa = PBXFileReference; lastKnownFileType = folder.assetcatalog; path = Images.xcassets; sourceTree = "<group>"; };
		7682DAC31AFD8E4700B32B2A /* Base */ = {isa = PBXFileReference; lastKnownFileType = file.xib; name = Base; path = Base.lproj/LaunchScreen.xib; sourceTree = "<group>"; };
		7682DAC91AFD8E4700B32B2A /* SimpleWebSearchTests.xctest */ = {isa = PBXFileReference; explicitFileType = wrapper.cfbundle; includeInIndex = 0; path = SimpleWebSearchTests.xctest; sourceTree = BUILT_PRODUCTS_DIR; };
		7682DACE1AFD8E4700B32B2A /* Info.plist */ = {isa = PBXFileReference; lastKnownFileType = text.plist.xml; path = Info.plist; sourceTree = "<group>"; };
		7682DACF1AFD8E4700B32B2A /* SimpleWebSearchTests.swift */ = {isa = PBXFileReference; lastKnownFileType = sourcecode.swift; path = SimpleWebSearchTests.swift; sourceTree = "<group>"; };
/* End PBXFileReference section */

/* Begin PBXFrameworksBuildPhase section */
		7682DAB11AFD8E4700B32B2A /* Frameworks */ = {
			isa = PBXFrameworksBuildPhase;
			buildActionMask = 2147483647;
			files = (
			);
			runOnlyForDeploymentPostprocessing = 0;
		};
		7682DAC61AFD8E4700B32B2A /* Frameworks */ = {
			isa = PBXFrameworksBuildPhase;
			buildActionMask = 2147483647;
			files = (
			);
			runOnlyForDeploymentPostprocessing = 0;
		};
/* End PBXFrameworksBuildPhase section */

/* Begin PBXGroup section */
		7682DAAB1AFD8E4700B32B2A = {
			isa = PBXGroup;
			children = (
				7682DAB61AFD8E4700B32B2A /* SimpleWebSearch */,
				7682DACC1AFD8E4700B32B2A /* SimpleWebSearchTests */,
				7682DAB51AFD8E4700B32B2A /* Products */,
			);
			sourceTree = "<group>";
		};
		7682DAB51AFD8E4700B32B2A /* Products */ = {
			isa = PBXGroup;
			children = (
				7682DAB41AFD8E4700B32B2A /* SimpleWebSearch.app */,
				7682DAC91AFD8E4700B32B2A /* SimpleWebSearchTests.xctest */,
			);
			name = Products;
			sourceTree = "<group>";
		};
		7682DAB61AFD8E4700B32B2A /* SimpleWebSearch */ = {
			isa = PBXGroup;
			children = (
				7682DAB91AFD8E4700B32B2A /* AppDelegate.swift */,
				7682DABB1AFD8E4700B32B2A /* ViewController.swift */,
				7682DABD1AFD8E4700B32B2A /* Main.storyboard */,
				7682DAC01AFD8E4700B32B2A /* Images.xcassets */,
				7682DAC21AFD8E4700B32B2A /* LaunchScreen.xib */,
				7682DAB71AFD8E4700B32B2A /* Supporting Files */,
			);
			path = SimpleWebSearch;
			sourceTree = "<group>";
		};
		7682DAB71AFD8E4700B32B2A /* Supporting Files */ = {
			isa = PBXGroup;
			children = (
				7682DAB81AFD8E4700B32B2A /* Info.plist */,
			);
			name = "Supporting Files";
			sourceTree = "<group>";
		};
		7682DACC1AFD8E4700B32B2A /* SimpleWebSearchTests */ = {
			isa = PBXGroup;
			children = (
				7682DACF1AFD8E4700B32B2A /* SimpleWebSearchTests.swift */,
				7682DACD1AFD8E4700B32B2A /* Supporting Files */,
			);
			path = SimpleWebSearchTests;
			sourceTree = "<group>";
		};
		7682DACD1AFD8E4700B32B2A /* Supporting Files */ = {
			isa = PBXGroup;
			children = (
				7682DACE1AFD8E4700B32B2A /* Info.plist */,
			);
			name = "Supporting Files";
			sourceTree = "<group>";
		};
/* End PBXGroup section */

/* Begin PBXNativeTarget section */
		7682DAB31AFD8E4700B32B2A /* SimpleWebSearch */ = {
			isa = PBXNativeTarget;
			buildConfigurationList = 7682DAD31AFD8E4700B32B2A /* Build configuration list for PBXNativeTarget "SimpleWebSearch" */;
			buildPhases = (
				7682DAB01AFD8E4700B32B2A /* Sources */,
				7682DAB11AFD8E4700B32B2A /* Frameworks */,
				7682DAB21AFD8E4700B32B2A /* Resources */,
			);
			buildRules = (
			);
			dependencies = (
			);
			name = SimpleWebSearch;
			productName = SimpleWebSearch;
			productReference = 7682DAB41AFD8E4700B32B2A /* SimpleWebSearch.app */;
			productType = "com.apple.product-type.application";
		};
		7682DAC81AFD8E4700B32B2A /* SimpleWebSearchTests */ = {
			isa = PBXNativeTarget;
			buildConfigurationList = 7682DAD61AFD8E4700B32B2A /* Build configuration list for PBXNativeTarget "SimpleWebSearchTests" */;
			buildPhases = (
				7682DAC51AFD8E4700B32B2A /* Sources */,
				7682DAC61AFD8E4700B32B2A /* Frameworks */,
				7682DAC71AFD8E4700B32B2A /* Resources */,
			);
			buildRules = (
			);
			dependencies = (
				7682DACB1AFD8E4700B32B2A /* PBXTargetDependency */,
			);
			name = SimpleWebSearchTests;
			productName = SimpleWebSearchTests;
			productReference = 7682DAC91AFD8E4700B32B2A /* SimpleWebSearchTests.xctest */;
			productType = "com.apple.product-type.bundle.unit-test";
		};
/* End PBXNativeTarget section */

/* Begin PBXProject section */
		7682DAAC1AFD8E4700B32B2A /* Project object */ = {
			isa = PBXProject;
			attributes = {
				LastUpgradeCheck = 0630;
				ORGANIZATIONNAME = Sariel;
				TargetAttributes = {
					7682DAB31AFD8E4700B32B2A = {
						CreatedOnToolsVersion = 6.3.1;
					};
					7682DAC81AFD8E4700B32B2A = {
						CreatedOnToolsVersion = 6.3.1;
						TestTargetID = 7682DAB31AFD8E4700B32B2A;
					};
				};
			};
			buildConfigurationList = 7682DAAF1AFD8E4700B32B2A /* Build configuration list for PBXProject "SimpleWebSearch" */;
			compatibilityVersion = "Xcode 3.2";
			developmentRegion = English;
			hasScannedForEncodings = 0;
			knownRegions = (
				en,
				Base,
			);
			mainGroup = 7682DAAB1AFD8E4700B32B2A;
			productRefGroup = 7682DAB51AFD8E4700B32B2A /* Products */;
			projectDirPath = "";
			projectRoot = "";
			targets = (
				7682DAB31AFD8E4700B32B2A /* SimpleWebSearch */,
				7682DAC81AFD8E4700B32B2A /* SimpleWebSearchTests */,
			);
		};
/* End PBXProject section */

/* Begin PBXResourcesBuildPhase section */
		7682DAB21AFD8E4700B32B2A /* Resources */ = {
			isa = PBXResourcesBuildPhase;
			buildActionMask = 2147483647;
			files = (
				7682DABF1AFD8E4700B32B2A /* Main.storyboard in Resources */,
				7682DAC41AFD8E4700B32B2A /* LaunchScreen.xib in Resources */,
				7682DAC11AFD8E4700B32B2A /* Images.xcassets in Resources */,
			);
			runOnlyForDeploymentPostprocessing = 0;
		};
		7682DAC71AFD8E4700B32B2A /* Resources */ = {
			isa = PBXResourcesBuildPhase;
			buildActionMask = 2147483647;
			files = (
			);
			runOnlyForDeploymentPostprocessing = 0;
		};
/* End PBXResourcesBuildPhase section */

/* Begin PBXSourcesBuildPhase section */
		7682DAB01AFD8E4700B32B2A /* Sources */ = {
			isa = PBXSourcesBuildPhase;
			buildActionMask = 2147483647;
			files = (
				7682DABC1AFD8E4700B32B2A /* ViewController.swift in Sources */,
				7682DABA1AFD8E4700B32B2A /* AppDelegate.swift in Sources */,
			);
			runOnlyForDeploymentPostprocessing = 0;
		};
		7682DAC51AFD8E4700B32B2A /* Sources */ = {
			isa = PBXSourcesBuildPhase;
			buildActionMask = 2147483647;
			files = (
				7682DAD01AFD8E4700B32B2A /* SimpleWebSearchTests.swift in Sources */,
			);
			runOnlyForDeploymentPostprocessing = 0;
		};
/* End PBXSourcesBuildPhase section */

/* Begin PBXTargetDependency section */
		7682DACB1AFD8E4700B32B2A /* PBXTargetDependency */ = {
			isa = PBXTargetDependency;
			target = 7682DAB31AFD8E4700B32B2A /* SimpleWebSearch */;
			targetProxy = 7682DACA1AFD8E4700B32B2A /* PBXContainerItemProxy */;
		};
/* End PBXTargetDependency section */

/* Begin PBXVariantGroup section */
		7682DABD1AFD8E4700B32B2A /* Main.storyboard */ = {
			isa = PBXVariantGroup;
			children = (
				7682DABE1AFD8E4700B32B2A /* Base */,
			);
			name = Main.storyboard;
			sourceTree = "<group>";
		};
		7682DAC21AFD8E4700B32B2A /* LaunchScreen.xib */ = {
			isa = PBXVariantGroup;
			children = (
				7682DAC31AFD8E4700B32B2A /* Base */,
			);
			name = LaunchScreen.xib;
			sourceTree = "<group>";
		};
/* End PBXVariantGroup section */

/* Begin XCBuildConfiguration section */
		7682DAD11AFD8E4700B32B2A /* Debug */ = {
			isa = XCBuildConfiguration;
			buildSettings = {
				ALWAYS_SEARCH_USER_PATHS = NO;
				CLANG_CXX_LANGUAGE_STANDARD = "gnu++0x";
				CLANG_CXX_LIBRARY = "libc++";
				CLANG_ENABLE_MODULES = YES;
				CLANG_ENABLE_OBJC_ARC = YES;
				CLANG_WARN_BOOL_CONVERSION = YES;
				CLANG_WARN_CONSTANT_CONVERSION = YES;
				CLANG_WARN_DIRECT_OBJC_ISA_USAGE = YES_ERROR;
				CLANG_WARN_EMPTY_BODY = YES;
				CLANG_WARN_ENUM_CONVERSION = YES;
				CLANG_WARN_INT_CONVERSION = YES;
				CLANG_WARN_OBJC_ROOT_CLASS = YES_ERROR;
				CLANG_WARN_UNREACHABLE_CODE = YES;
				CLANG_WARN__DUPLICATE_METHOD_MATCH = YES;
				"CODE_SIGN_IDENTITY[sdk=iphoneos*]" = "iPhone Developer";
				COPY_PHASE_STRIP = NO;
				DEBUG_INFORMATION_FORMAT = "dwarf-with-dsym";
				ENABLE_STRICT_OBJC_MSGSEND = YES;
				GCC_C_LANGUAGE_STANDARD = gnu99;
				GCC_DYNAMIC_NO_PIC = NO;
				GCC_NO_COMMON_BLOCKS = YES;
				GCC_OPTIMIZATION_LEVEL = 0;
				GCC_PREPROCESSOR_DEFINITIONS = (
					"DEBUG=1",
					"$(inherited)",
				);
				GCC_SYMBOLS_PRIVATE_EXTERN = NO;
				GCC_WARN_64_TO_32_BIT_CONVERSION = YES;
				GCC_WARN_ABOUT_RETURN_TYPE = YES_ERROR;
				GCC_WARN_UNDECLARED_SELECTOR = YES;
				GCC_WARN_UNINITIALIZED_AUTOS = YES_AGGRESSIVE;
				GCC_WARN_UNUSED_FUNCTION = YES;
				GCC_WARN_UNUSED_VARIABLE = YES;
				IPHONEOS_DEPLOYMENT_TARGET = 8.3;
				MTL_ENABLE_DEBUG_INFO = YES;
				ONLY_ACTIVE_ARCH = YES;
				SDKROOT = iphoneos;
				SWIFT_OPTIMIZATION_LEVEL = "-Onone";
			};
			name = Debug;
		};
		7682DAD21AFD8E4700B32B2A /* Release */ = {
			isa = XCBuildConfiguration;
			buildSettings = {
				ALWAYS_SEARCH_USER_PATHS = NO;
				CLANG_CXX_LANGUAGE_STANDARD = "gnu++0x";
				CLANG_CXX_LIBRARY = "libc++";
				CLANG_ENABLE_MODULES = YES;
				CLANG_ENABLE_OBJC_ARC = YES;
				CLANG_WARN_BOOL_CONVERSION = YES;
				CLANG_WARN_CONSTANT_CONVERSION = YES;
				CLANG_WARN_DIRECT_OBJC_ISA_USAGE = YES_ERROR;
				CLANG_WARN_EMPTY_BODY = YES;
				CLANG_WARN_ENUM_CONVERSION = YES;
				CLANG_WARN_INT_CONVERSION = YES;
				CLANG_WARN_OBJC_ROOT_CLASS = YES_ERROR;
				CLANG_WARN_UNREACHABLE_CODE = YES;
				CLANG_WARN__DUPLICATE_METHOD_MATCH = YES;
				"CODE_SIGN_IDENTITY[sdk=iphoneos*]" = "iPhone Developer";
				COPY_PHASE_STRIP = NO;
				DEBUG_INFORMATION_FORMAT = "dwarf-with-dsym";
				ENABLE_NS_ASSERTIONS = NO;
				ENABLE_STRICT_OBJC_MSGSEND = YES;
				GCC_C_LANGUAGE_STANDARD = gnu99;
				GCC_NO_COMMON_BLOCKS = YES;
				GCC_WARN_64_TO_32_BIT_CONVERSION = YES;
				GCC_WARN_ABOUT_RETURN_TYPE = YES_ERROR;
				GCC_WARN_UNDECLARED_SELECTOR = YES;
				GCC_WARN_UNINITIALIZED_AUTOS = YES_AGGRESSIVE;
				GCC_WARN_UNUSED_FUNCTION = YES;
				GCC_WARN_UNUSED_VARIABLE = YES;
				IPHONEOS_DEPLOYMENT_TARGET = 8.3;
				MTL_ENABLE_DEBUG_INFO = NO;
				SDKROOT = iphoneos;
				VALIDATE_PRODUCT = YES;
			};
			name = Release;
		};
		7682DAD41AFD8E4700B32B2A /* Debug */ = {
			isa = XCBuildConfiguration;
			buildSettings = {
				ASSETCATALOG_COMPILER_APPICON_NAME = AppIcon;
				INFOPLIST_FILE = SimpleWebSearch/Info.plist;
				LD_RUNPATH_SEARCH_PATHS = "$(inherited) @executable_path/Frameworks";
				PRODUCT_NAME = "$(TARGET_NAME)";
			};
			name = Debug;
		};
		7682DAD51AFD8E4700B32B2A /* Release */ = {
			isa = XCBuildConfiguration;
			buildSettings = {
				ASSETCATALOG_COMPILER_APPICON_NAME = AppIcon;
				INFOPLIST_FILE = SimpleWebSearch/Info.plist;
				LD_RUNPATH_SEARCH_PATHS = "$(inherited) @executable_path/Frameworks";
				PRODUCT_NAME = "$(TARGET_NAME)";
			};
			name = Release;
		};
		7682DAD71AFD8E4700B32B2A /* Debug */ = {
			isa = XCBuildConfiguration;
			buildSettings = {
				BUNDLE_LOADER = "$(TEST_HOST)";
				FRAMEWORK_SEARCH_PATHS = (
					"$(SDKROOT)/Developer/Library/Frameworks",
					"$(inherited)",
				);
				GCC_PREPROCESSOR_DEFINITIONS = (
					"DEBUG=1",
					"$(inherited)",
				);
				INFOPLIST_FILE = SimpleWebSearchTests/Info.plist;
				LD_RUNPATH_SEARCH_PATHS = "$(inherited) @executable_path/Frameworks @loader_path/Frameworks";
				PRODUCT_NAME = "$(TARGET_NAME)";
				TEST_HOST = "$(BUILT_PRODUCTS_DIR)/SimpleWebSearch.app/SimpleWebSearch";
			};
			name = Debug;
		};
		7682DAD81AFD8E4700B32B2A /* Release */ = {
			isa = XCBuildConfiguration;
			buildSettings = {
				BUNDLE_LOADER = "$(TEST_HOST)";
				FRAMEWORK_SEARCH_PATHS = (
					"$(SDKROOT)/Developer/Library/Frameworks",
					"$(inherited)",
				);
				INFOPLIST_FILE = SimpleWebSearchTests/Info.plist;
				LD_RUNPATH_SEARCH_PATHS = "$(inherited) @executable_path/Frameworks @loader_path/Frameworks";
				PRODUCT_NAME = "$(TARGET_NAME)";
				TEST_HOST = "$(BUILT_PRODUCTS_DIR)/SimpleWebSearch.app/SimpleWebSearch";
			};
			name = Release;
		};
/* End XCBuildConfiguration section */

/* Begin XCConfigurationList section */
		7682DAAF1AFD8E4700B32B2A /* Build configuration list for PBXProject "SimpleWebSearch" */ = {
			isa = XCConfigurationList;
			buildConfigurations = (
				7682DAD11AFD8E4700B32B2A /* Debug */,
				7682DAD21AFD8E4700B32B2A /* Release */,
			);
			defaultConfigurationIsVisible = 0;
			defaultConfigurationName = Release;
		};
		7682DAD31AFD8E4700B32B2A /* Build configuration list for PBXNativeTarget "SimpleWebSearch" */ = {
			isa = XCConfigurationList;
			buildConfigurations = (
				7682DAD41AFD8E4700B32B2A /* Debug */,
				7682DAD51AFD8E4700B32B2A /* Release */,
			);
			defaultConfigurationIsVisible = 0;
		};
		7682DAD61AFD8E4700B32B2A /* Build configuration list for PBXNativeTarget "SimpleWebSearchTests" */ = {
			isa = XCConfigurationList;
			buildConfigurations = (
				7682DAD71AFD8E4700B32B2A /* Debug */,
				7682DAD81AFD8E4700B32B2A /* Release */,
			);
			defaultConfigurationIsVisible = 0;
		};
/* End XCConfigurationList section */
	};
	rootObject = 7682DAAC1AFD8E4700B32B2A /* Project object */;
}
